<Solution>
  <Project Path="BasePOO/BasePOO.csproj" />
  <Project Path="ConsoleMVVM/ConsoleMVVM.csproj" Id="f4218d3d-a651-4081-a6ec-a6ce1c41ebca" />
  <Project Path="GestionMemoire/GestionMemoire.csproj" Id="49ae39ea-8695-4039-9fea-2335aac28f2c" />
  <Project Path="GraphicMVVM/GraphicMVVM.csproj" Id="a0a85c21-b23f-4336-9df5-971046ee273e" />
</Solution>
